// !$*UTF8*$!
{
	archiveVersion = 1;
	classes = {
	};
	objectVersion = 46;
	objects = {

/* Begin PBXBuildFile section */
		1B3D2F5A1CB82CC9005DD2F0 /* AppDelegate.swift in Sources */ = {isa = PBXBuildFile; fileRef = 1B3D2F591CB82CC9005DD2F0 /* AppDelegate.swift */; };
		1B3D2F5C1CB82CC9005DD2F0 /* ViewController.swift in Sources */ = {isa = PBXBuildFile; fileRef = 1B3D2F5B1CB82CC9005DD2F0 /* ViewController.swift */; };
		1B3D2F5F1CB82CC9005DD2F0 /* Main.storyboard in Resources */ = {isa = PBXBuildFile; fileRef = 1B3D2F5D1CB82CC9005DD2F0 /* Main.storyboard */; };
		1B3D2F611CB82CC9005DD2F0 /* Assets.xcassets in Resources */ = {isa = PBXBuildFile; fileRef = 1B3D2F601CB82CC9005DD2F0 /* Assets.xcassets */; };
		1B3D2F641CB82CC9005DD2F0 /* LaunchScreen.storyboard in Resources */ = {isa = PBXBuildFile; fileRef = 1B3D2F621CB82CC9005DD2F0 /* LaunchScreen.storyboard */; };
		1B3D2F6F1CB82CC9005DD2F0 /* Carousel_PrototypeTests.swift in Sources */ = {isa = PBXBuildFile; fileRef = 1B3D2F6E1CB82CC9005DD2F0 /* Carousel_PrototypeTests.swift */; };
		1B3D2F7A1CB82CC9005DD2F0 /* Carousel_PrototypeUITests.swift in Sources */ = {isa = PBXBuildFile; fileRef = 1B3D2F791CB82CC9005DD2F0 /* Carousel_PrototypeUITests.swift */; };
		1B3D2F881CB83C5F005DD2F0 /* Common.swift in Sources */ = {isa = PBXBuildFile; fileRef = 1B3D2F871CB83C5F005DD2F0 /* Common.swift */; };
		1B3D2F8A1CB83D87005DD2F0 /* IntroViewController.swift in Sources */ = {isa = PBXBuildFile; fileRef = 1B3D2F891CB83D87005DD2F0 /* IntroViewController.swift */; };
		1B3D2F8D1CB8425D005DD2F0 /* LoginViewController.swift in Sources */ = {isa = PBXBuildFile; fileRef = 1B3D2F8C1CB8425D005DD2F0 /* LoginViewController.swift */; };
		1B3D2F8F1CB9390C005DD2F0 /* TutorialViewController.swift in Sources */ = {isa = PBXBuildFile; fileRef = 1B3D2F8E1CB9390C005DD2F0 /* TutorialViewController.swift */; };
		1B3D2F911CB96638005DD2F0 /* FeedViewController.swift in Sources */ = {isa = PBXBuildFile; fileRef = 1B3D2F901CB96638005DD2F0 /* FeedViewController.swift */; };
		1B3D2F931CB96B79005DD2F0 /* ConversationViewController.swift in Sources */ = {isa = PBXBuildFile; fileRef = 1B3D2F921CB96B79005DD2F0 /* ConversationViewController.swift */; };
		1B3D2F951CB96CF4005DD2F0 /* SettingsViewController.swift in Sources */ = {isa = PBXBuildFile; fileRef = 1B3D2F941CB96CF4005DD2F0 /* SettingsViewController.swift */; };
/* End PBXBuildFile section */

/* Begin PBXContainerItemProxy section */
		1B3D2F6B1CB82CC9005DD2F0 /* PBXContainerItemProxy */ = {
			isa = PBXContainerItemProxy;
			containerPortal = 1B3D2F4E1CB82CC9005DD2F0 /* Project object */;
			proxyType = 1;
			remoteGlobalIDString = 1B3D2F551CB82CC9005DD2F0;
			remoteInfo = "Carousel-Prototype";
		};
		1B3D2F761CB82CC9005DD2F0 /* PBXContainerItemProxy */ = {
			isa = PBXContainerItemProxy;
			containerPortal = 1B3D2F4E1CB82CC9005DD2F0 /* Project object */;
			proxyType = 1;
			remoteGlobalIDString = 1B3D2F551CB82CC9005DD2F0;
			remoteInfo = "Carousel-Prototype";
		};
/* End PBXContainerItemProxy section */

/* Begin PBXFileReference section */
		1B3D2F561CB82CC9005DD2F0 /* Carousel-Prototype.app */ = {isa = PBXFileReference; explicitFileType = wrapper.application; includeInIndex = 0; path = "Carousel-Prototype.app"; sourceTree = BUILT_PRODUCTS_DIR; };
		1B3D2F591CB82CC9005DD2F0 /* AppDelegate.swift */ = {isa = PBXFileReference; lastKnownFileType = sourcecode.swift; path = AppDelegate.swift; sourceTree = "<group>"; };
		1B3D2F5B1CB82CC9005DD2F0 /* ViewController.swift */ = {isa = PBXFileReference; lastKnownFileType = sourcecode.swift; path = ViewController.swift; sourceTree = "<group>"; };
		1B3D2F5E1CB82CC9005DD2F0 /* Base */ = {isa = PBXFileReference; lastKnownFileType = file.storyboard; name = Base; path = Base.lproj/Main.storyboard; sourceTree = "<group>"; };
		1B3D2F601CB82CC9005DD2F0 /* Assets.xcassets */ = {isa = PBXFileReference; lastKnownFileType = folder.assetcatalog; path = Assets.xcassets; sourceTree = "<group>"; };
		1B3D2F631CB82CC9005DD2F0 /* Base */ = {isa = PBXFileReference; lastKnownFileType = file.storyboard; name = Base; path = Base.lproj/LaunchScreen.storyboard; sourceTree = "<group>"; };
		1B3D2F651CB82CC9005DD2F0 /* Info.plist */ = {isa = PBXFileReference; lastKnownFileType = text.plist.xml; path = Info.plist; sourceTree = "<group>"; };
		1B3D2F6A1CB82CC9005DD2F0 /* Carousel-PrototypeTests.xctest */ = {isa = PBXFileReference; explicitFileType = wrapper.cfbundle; includeInIndex = 0; path = "Carousel-PrototypeTests.xctest"; sourceTree = BUILT_PRODUCTS_DIR; };
		1B3D2F6E1CB82CC9005DD2F0 /* Carousel_PrototypeTests.swift */ = {isa = PBXFileReference; lastKnownFileType = sourcecode.swift; path = Carousel_PrototypeTests.swift; sourceTree = "<group>"; };
		1B3D2F701CB82CC9005DD2F0 /* Info.plist */ = {isa = PBXFileReference; lastKnownFileType = text.plist.xml; path = Info.plist; sourceTree = "<group>"; };
		1B3D2F751CB82CC9005DD2F0 /* Carousel-PrototypeUITests.xctest */ = {isa = PBXFileReference; explicitFileType = wrapper.cfbundle; includeInIndex = 0; path = "Carousel-PrototypeUITests.xctest"; sourceTree = BUILT_PRODUCTS_DIR; };
		1B3D2F791CB82CC9005DD2F0 /* Carousel_PrototypeUITests.swift */ = {isa = PBXFileReference; lastKnownFileType = sourcecode.swift; path = Carousel_PrototypeUITests.swift; sourceTree = "<group>"; };
		1B3D2F7B1CB82CC9005DD2F0 /* Info.plist */ = {isa = PBXFileReference; lastKnownFileType = text.plist.xml; path = Info.plist; sourceTree = "<group>"; };
		1B3D2F871CB83C5F005DD2F0 /* Common.swift */ = {isa = PBXFileReference; fileEncoding = 4; lastKnownFileType = sourcecode.swift; path = Common.swift; sourceTree = "<group>"; };
		1B3D2F891CB83D87005DD2F0 /* IntroViewController.swift */ = {isa = PBXFileReference; fileEncoding = 4; lastKnownFileType = sourcecode.swift; path = IntroViewController.swift; sourceTree = "<group>"; };
		1B3D2F8C1CB8425D005DD2F0 /* LoginViewController.swift */ = {isa = PBXFileReference; fileEncoding = 4; lastKnownFileType = sourcecode.swift; path = LoginViewController.swift; sourceTree = "<group>"; };
		1B3D2F8E1CB9390C005DD2F0 /* TutorialViewController.swift */ = {isa = PBXFileReference; fileEncoding = 4; lastKnownFileType = sourcecode.swift; path = TutorialViewController.swift; sourceTree = "<group>"; };
		1B3D2F901CB96638005DD2F0 /* FeedViewController.swift */ = {isa = PBXFileReference; fileEncoding = 4; lastKnownFileType = sourcecode.swift; path = FeedViewController.swift; sourceTree = "<group>"; };
		1B3D2F921CB96B79005DD2F0 /* ConversationViewController.swift */ = {isa = PBXFileReference; fileEncoding = 4; lastKnownFileType = sourcecode.swift; path = ConversationViewController.swift; sourceTree = "<group>"; };
		1B3D2F941CB96CF4005DD2F0 /* SettingsViewController.swift */ = {isa = PBXFileReference; fileEncoding = 4; lastKnownFileType = sourcecode.swift; path = SettingsViewController.swift; sourceTree = "<group>"; };
/* End PBXFileReference section */

/* Begin PBXFrameworksBuildPhase section */
		1B3D2F531CB82CC9005DD2F0 /* Frameworks */ = {
			isa = PBXFrameworksBuildPhase;
			buildActionMask = 2147483647;
			files = (
			);
			runOnlyForDeploymentPostprocessing = 0;
		};
		1B3D2F671CB82CC9005DD2F0 /* Frameworks */ = {
			isa = PBXFrameworksBuildPhase;
			buildActionMask = 2147483647;
			files = (
			);
			runOnlyForDeploymentPostprocessing = 0;
		};
		1B3D2F721CB82CC9005DD2F0 /* Frameworks */ = {
			isa = PBXFrameworksBuildPhase;
			buildActionMask = 2147483647;
			files = (
			);
			runOnlyForDeploymentPostprocessing = 0;
		};
/* End PBXFrameworksBuildPhase section */

/* Begin PBXGroup section */
		1B3D2F4D1CB82CC9005DD2F0 = {
			isa = PBXGroup;
			children = (
				1B3D2F581CB82CC9005DD2F0 /* Carousel-Prototype */,
				1B3D2F6D1CB82CC9005DD2F0 /* Carousel-PrototypeTests */,
				1B3D2F781CB82CC9005DD2F0 /* Carousel-PrototypeUITests */,
				1B3D2F571CB82CC9005DD2F0 /* Products */,
			);
			sourceTree = "<group>";
		};
		1B3D2F571CB82CC9005DD2F0 /* Products */ = {
			isa = PBXGroup;
			children = (
				1B3D2F561CB82CC9005DD2F0 /* Carousel-Prototype.app */,
				1B3D2F6A1CB82CC9005DD2F0 /* Carousel-PrototypeTests.xctest */,
				1B3D2F751CB82CC9005DD2F0 /* Carousel-PrototypeUITests.xctest */,
			);
			name = Products;
			sourceTree = "<group>";
		};
		1B3D2F581CB82CC9005DD2F0 /* Carousel-Prototype */ = {
			isa = PBXGroup;
			children = (
				1B3D2F8B1CB83D91005DD2F0 /* View Controllers */,
				1B3D2F591CB82CC9005DD2F0 /* AppDelegate.swift */,
				1B3D2F5B1CB82CC9005DD2F0 /* ViewController.swift */,
				1B3D2F871CB83C5F005DD2F0 /* Common.swift */,
				1B3D2F5D1CB82CC9005DD2F0 /* Main.storyboard */,
				1B3D2F601CB82CC9005DD2F0 /* Assets.xcassets */,
				1B3D2F621CB82CC9005DD2F0 /* LaunchScreen.storyboard */,
				1B3D2F651CB82CC9005DD2F0 /* Info.plist */,
			);
			path = "Carousel-Prototype";
			sourceTree = "<group>";
		};
		1B3D2F6D1CB82CC9005DD2F0 /* Carousel-PrototypeTests */ = {
			isa = PBXGroup;
			children = (
				1B3D2F6E1CB82CC9005DD2F0 /* Carousel_PrototypeTests.swift */,
				1B3D2F701CB82CC9005DD2F0 /* Info.plist */,
			);
			path = "Carousel-PrototypeTests";
			sourceTree = "<group>";
		};
		1B3D2F781CB82CC9005DD2F0 /* Carousel-PrototypeUITests */ = {
			isa = PBXGroup;
			children = (
				1B3D2F791CB82CC9005DD2F0 /* Carousel_PrototypeUITests.swift */,
				1B3D2F7B1CB82CC9005DD2F0 /* Info.plist */,
			);
			path = "Carousel-PrototypeUITests";
			sourceTree = "<group>";
		};
		1B3D2F8B1CB83D91005DD2F0 /* View Controllers */ = {
			isa = PBXGroup;
			children = (
				1B3D2F891CB83D87005DD2F0 /* IntroViewController.swift */,
				1B3D2F8C1CB8425D005DD2F0 /* LoginViewController.swift */,
				1B3D2F8E1CB9390C005DD2F0 /* TutorialViewController.swift */,
				1B3D2F901CB96638005DD2F0 /* FeedViewController.swift */,
				1B3D2F921CB96B79005DD2F0 /* ConversationViewController.swift */,
				1B3D2F941CB96CF4005DD2F0 /* SettingsViewController.swift */,
			);
			name = "View Controllers";
			sourceTree = "<group>";
		};
/* End PBXGroup section */

/* Begin PBXNativeTarget section */
		1B3D2F551CB82CC9005DD2F0 /* Carousel-Prototype */ = {
			isa = PBXNativeTarget;
			buildConfigurationList = 1B3D2F7E1CB82CC9005DD2F0 /* Build configuration list for PBXNativeTarget "Carousel-Prototype" */;
			buildPhases = (
				1B3D2F521CB82CC9005DD2F0 /* Sources */,
				1B3D2F531CB82CC9005DD2F0 /* Frameworks */,
				1B3D2F541CB82CC9005DD2F0 /* Resources */,
			);
			buildRules = (
			);
			dependencies = (
			);
			name = "Carousel-Prototype";
			productName = "Carousel-Prototype";
			productReference = 1B3D2F561CB82CC9005DD2F0 /* Carousel-Prototype.app */;
			productType = "com.apple.product-type.application";
		};
		1B3D2F691CB82CC9005DD2F0 /* Carousel-PrototypeTests */ = {
			isa = PBXNativeTarget;
			buildConfigurationList = 1B3D2F811CB82CC9005DD2F0 /* Build configuration list for PBXNativeTarget "Carousel-PrototypeTests" */;
			buildPhases = (
				1B3D2F661CB82CC9005DD2F0 /* Sources */,
				1B3D2F671CB82CC9005DD2F0 /* Frameworks */,
				1B3D2F681CB82CC9005DD2F0 /* Resources */,
			);
			buildRules = (
			);
			dependencies = (
				1B3D2F6C1CB82CC9005DD2F0 /* PBXTargetDependency */,
			);
			name = "Carousel-PrototypeTests";
			productName = "Carousel-PrototypeTests";
			productReference = 1B3D2F6A1CB82CC9005DD2F0 /* Carousel-PrototypeTests.xctest */;
			productType = "com.apple.product-type.bundle.unit-test";
		};
		1B3D2F741CB82CC9005DD2F0 /* Carousel-PrototypeUITests */ = {
			isa = PBXNativeTarget;
			buildConfigurationList = 1B3D2F841CB82CC9005DD2F0 /* Build configuration list for PBXNativeTarget "Carousel-PrototypeUITests" */;
			buildPhases = (
				1B3D2F711CB82CC9005DD2F0 /* Sources */,
				1B3D2F721CB82CC9005DD2F0 /* Frameworks */,
				1B3D2F731CB82CC9005DD2F0 /* Resources */,
			);
			buildRules = (
			);
			dependencies = (
				1B3D2F771CB82CC9005DD2F0 /* PBXTargetDependency */,
			);
			name = "Carousel-PrototypeUITests";
			productName = "Carousel-PrototypeUITests";
			productReference = 1B3D2F751CB82CC9005DD2F0 /* Carousel-PrototypeUITests.xctest */;
			productType = "com.apple.product-type.bundle.ui-testing";
		};
/* End PBXNativeTarget section */

/* Begin PBXProject section */
		1B3D2F4E1CB82CC9005DD2F0 /* Project object */ = {
			isa = PBXProject;
			attributes = {
				LastSwiftUpdateCheck = 0720;
				LastUpgradeCheck = 0720;
				ORGANIZATIONNAME = "Wong, Kapunahele";
				TargetAttributes = {
					1B3D2F551CB82CC9005DD2F0 = {
						CreatedOnToolsVersion = 7.2.1;
						DevelopmentTeam = 8Z5DB24AX2;
					};
					1B3D2F691CB82CC9005DD2F0 = {
						CreatedOnToolsVersion = 7.2.1;
						DevelopmentTeam = 8Z5DB24AX2;
						TestTargetID = 1B3D2F551CB82CC9005DD2F0;
					};
					1B3D2F741CB82CC9005DD2F0 = {
						CreatedOnToolsVersion = 7.2.1;
						DevelopmentTeam = 8Z5DB24AX2;
						TestTargetID = 1B3D2F551CB82CC9005DD2F0;
					};
				};
			};
			buildConfigurationList = 1B3D2F511CB82CC9005DD2F0 /* Build configuration list for PBXProject "Carousel-Prototype" */;
			compatibilityVersion = "Xcode 3.2";
			developmentRegion = English;
			hasScannedForEncodings = 0;
			knownRegions = (
				en,
				Base,
			);
			mainGroup = 1B3D2F4D1CB82CC9005DD2F0;
			productRefGroup = 1B3D2F571CB82CC9005DD2F0 /* Products */;
			projectDirPath = "";
			projectRoot = "";
			targets = (
				1B3D2F551CB82CC9005DD2F0 /* Carousel-Prototype */,
				1B3D2F691CB82CC9005DD2F0 /* Carousel-PrototypeTests */,
				1B3D2F741CB82CC9005DD2F0 /* Carousel-PrototypeUITests */,
			);
		};
/* End PBXProject section */

/* Begin PBXResourcesBuildPhase section */
		1B3D2F541CB82CC9005DD2F0 /* Resources */ = {
			isa = PBXResourcesBuildPhase;
			buildActionMask = 2147483647;
			files = (
				1B3D2F641CB82CC9005DD2F0 /* LaunchScreen.storyboard in Resources */,
				1B3D2F611CB82CC9005DD2F0 /* Assets.xcassets in Resources */,
				1B3D2F5F1CB82CC9005DD2F0 /* Main.storyboard in Resources */,
			);
			runOnlyForDeploymentPostprocessing = 0;
		};
		1B3D2F681CB82CC9005DD2F0 /* Resources */ = {
			isa = PBXResourcesBuildPhase;
			buildActionMask = 2147483647;
			files = (
			);
			runOnlyForDeploymentPostprocessing = 0;
		};
		1B3D2F731CB82CC9005DD2F0 /* Resources */ = {
			isa = PBXResourcesBuildPhase;
			buildActionMask = 2147483647;
			files = (
			);
			runOnlyForDeploymentPostprocessing = 0;
		};
/* End PBXResourcesBuildPhase section */

/* Begin PBXSourcesBuildPhase section */
		1B3D2F521CB82CC9005DD2F0 /* Sources */ = {
			isa = PBXSourcesBuildPhase;
			buildActionMask = 2147483647;
			files = (
				1B3D2F5C1CB82CC9005DD2F0 /* ViewController.swift in Sources */,
				1B3D2F881CB83C5F005DD2F0 /* Common.swift in Sources */,
				1B3D2F931CB96B79005DD2F0 /* ConversationViewController.swift in Sources */,
				1B3D2F5A1CB82CC9005DD2F0 /* AppDelegate.swift in Sources */,
				1B3D2F8D1CB8425D005DD2F0 /* LoginViewController.swift in Sources */,
				1B3D2F8F1CB9390C005DD2F0 /* TutorialViewController.swift in Sources */,
				1B3D2F8A1CB83D87005DD2F0 /* IntroViewController.swift in Sources */,
				1B3D2F911CB96638005DD2F0 /* FeedViewController.swift in Sources */,
				1B3D2F951CB96CF4005DD2F0 /* SettingsViewController.swift in Sources */,
			);
			runOnlyForDeploymentPostprocessing = 0;
		};
		1B3D2F661CB82CC9005DD2F0 /* Sources */ = {
			isa = PBXSourcesBuildPhase;
			buildActionMask = 2147483647;
			files = (
				1B3D2F6F1CB82CC9005DD2F0 /* Carousel_PrototypeTests.swift in Sources */,
			);
			runOnlyForDeploymentPostprocessing = 0;
		};
		1B3D2F711CB82CC9005DD2F0 /* Sources */ = {
			isa = PBXSourcesBuildPhase;
			buildActionMask = 2147483647;
			files = (
				1B3D2F7A1CB82CC9005DD2F0 /* Carousel_PrototypeUITests.swift in Sources */,
			);
			runOnlyForDeploymentPostprocessing = 0;
		};
/* End PBXSourcesBuildPhase section */

/* Begin PBXTargetDependency section */
		1B3D2F6C1CB82CC9005DD2F0 /* PBXTargetDependency */ = {
			isa = PBXTargetDependency;
			target = 1B3D2F551CB82CC9005DD2F0 /* Carousel-Prototype */;
			targetProxy = 1B3D2F6B1CB82CC9005DD2F0 /* PBXContainerItemProxy */;
		};
		1B3D2F771CB82CC9005DD2F0 /* PBXTargetDependency */ = {
			isa = PBXTargetDependency;
			target = 1B3D2F551CB82CC9005DD2F0 /* Carousel-Prototype */;
			targetProxy = 1B3D2F761CB82CC9005DD2F0 /* PBXContainerItemProxy */;
		};
/* End PBXTargetDependency section */

/* Begin PBXVariantGroup section */
		1B3D2F5D1CB82CC9005DD2F0 /* Main.storyboard */ = {
			isa = PBXVariantGroup;
			children = (
				1B3D2F5E1CB82CC9005DD2F0 /* Base */,
			);
			name = Main.storyboard;
			sourceTree = "<group>";
		};
		1B3D2F621CB82CC9005DD2F0 /* LaunchScreen.storyboard */ = {
			isa = PBXVariantGroup;
			children = (
				1B3D2F631CB82CC9005DD2F0 /* Base */,
			);
			name = LaunchScreen.storyboard;
			sourceTree = "<group>";
		};
/* End PBXVariantGroup section */

/* Begin XCBuildConfiguration section */
		1B3D2F7C1CB82CC9005DD2F0 /* Debug */ = {
			isa = XCBuildConfiguration;
			buildSettings = {
				ALWAYS_SEARCH_USER_PATHS = NO;
				CLANG_CXX_LANGUAGE_STANDARD = "gnu++0x";
				CLANG_CXX_LIBRARY = "libc++";
				CLANG_ENABLE_MODULES = YES;
				CLANG_ENABLE_OBJC_ARC = YES;
				CLANG_WARN_BOOL_CONVERSION = YES;
				CLANG_WARN_CONSTANT_CONVERSION = YES;
				CLANG_WARN_DIRECT_OBJC_ISA_USAGE = YES_ERROR;
				CLANG_WARN_EMPTY_BODY = YES;
				CLANG_WARN_ENUM_CONVERSION = YES;
				CLANG_WARN_INT_CONVERSION = YES;
				CLANG_WARN_OBJC_ROOT_CLASS = YES_ERROR;
				CLANG_WARN_UNREACHABLE_CODE = YES;
				CLANG_WARN__DUPLICATE_METHOD_MATCH = YES;
				"CODE_SIGN_IDENTITY[sdk=iphoneos*]" = "iPhone Developer";
				COPY_PHASE_STRIP = NO;
				DEBUG_INFORMATION_FORMAT = dwarf;
				ENABLE_STRICT_OBJC_MSGSEND = YES;
				ENABLE_TESTABILITY = YES;
				GCC_C_LANGUAGE_STANDARD = gnu99;
				GCC_DYNAMIC_NO_PIC = NO;
				GCC_NO_COMMON_BLOCKS = YES;
				GCC_OPTIMIZATION_LEVEL = 0;
				GCC_PREPROCESSOR_DEFINITIONS = (
					"DEBUG=1",
					"$(inherited)",
				);
				GCC_WARN_64_TO_32_BIT_CONVERSION = YES;
				GCC_WARN_ABOUT_RETURN_TYPE = YES_ERROR;
				GCC_WARN_UNDECLARED_SELECTOR = YES;
				GCC_WARN_UNINITIALIZED_AUTOS = YES_AGGRESSIVE;
				GCC_WARN_UNUSED_FUNCTION = YES;
				GCC_WARN_UNUSED_VARIABLE = YES;
				IPHONEOS_DEPLOYMENT_TARGET = 9.2;
				MTL_ENABLE_DEBUG_INFO = YES;
				ONLY_ACTIVE_ARCH = YES;
				SDKROOT = iphoneos;
				SWIFT_OPTIMIZATION_LEVEL = "-Onone";
			};
			name = Debug;
		};
		1B3D2F7D1CB82CC9005DD2F0 /* Release */ = {
			isa = XCBuildConfiguration;
			buildSettings = {
				ALWAYS_SEARCH_USER_PATHS = NO;
				CLANG_CXX_LANGUAGE_STANDARD = "gnu++0x";
				CLANG_CXX_LIBRARY = "libc++";
				CLANG_ENABLE_MODULES = YES;
				CLANG_ENABLE_OBJC_ARC = YES;
				CLANG_WARN_BOOL_CONVERSION = YES;
				CLANG_WARN_CONSTANT_CONVERSION = YES;
				CLANG_WARN_DIRECT_OBJC_ISA_USAGE = YES_ERROR;
				CLANG_WARN_EMPTY_BODY = YES;
				CLANG_WARN_ENUM_CONVERSION = YES;
				CLANG_WARN_INT_CONVERSION = YES;
				CLANG_WARN_OBJC_ROOT_CLASS = YES_ERROR;
				CLANG_WARN_UNREACHABLE_CODE = YES;
				CLANG_WARN__DUPLICATE_METHOD_MATCH = YES;
				"CODE_SIGN_IDENTITY[sdk=iphoneos*]" = "iPhone Developer";
				COPY_PHASE_STRIP = NO;
				DEBUG_INFORMATION_FORMAT = "dwarf-with-dsym";
				ENABLE_NS_ASSERTIONS = NO;
				ENABLE_STRICT_OBJC_MSGSEND = YES;
				GCC_C_LANGUAGE_STANDARD = gnu99;
				GCC_NO_COMMON_BLOCKS = YES;
				GCC_WARN_64_TO_32_BIT_CONVERSION = YES;
				GCC_WARN_ABOUT_RETURN_TYPE = YES_ERROR;
				GCC_WARN_UNDECLARED_SELECTOR = YES;
				GCC_WARN_UNINITIALIZED_AUTOS = YES_AGGRESSIVE;
				GCC_WARN_UNUSED_FUNCTION = YES;
				GCC_WARN_UNUSED_VARIABLE = YES;
				IPHONEOS_DEPLOYMENT_TARGET = 9.2;
				MTL_ENABLE_DEBUG_INFO = NO;
				SDKROOT = iphoneos;
				VALIDATE_PRODUCT = YES;
			};
			name = Release;
		};
		1B3D2F7F1CB82CC9005DD2F0 /* Debug */ = {
			isa = XCBuildConfiguration;
			buildSettings = {
				ASSETCATALOG_COMPILER_APPICON_NAME = AppIcon;
				INFOPLIST_FILE = "Carousel-Prototype/Info.plist";
				LD_RUNPATH_SEARCH_PATHS = "$(inherited) @executable_path/Frameworks";
				PRODUCT_BUNDLE_IDENTIFIER = "com.kapunahelewong.Carousel-Prototype";
				PRODUCT_NAME = "$(TARGET_NAME)";
			};
			name = Debug;
		};
		1B3D2F801CB82CC9005DD2F0 /* Release */ = {
			isa = XCBuildConfiguration;
			buildSettings = {
				ASSETCATALOG_COMPILER_APPICON_NAME = AppIcon;
				INFOPLIST_FILE = "Carousel-Prototype/Info.plist";
				LD_RUNPATH_SEARCH_PATHS = "$(inherited) @executable_path/Frameworks";
				PRODUCT_BUNDLE_IDENTIFIER = "com.kapunahelewong.Carousel-Prototype";
				PRODUCT_NAME = "$(TARGET_NAME)";
			};
			name = Release;
		};
		1B3D2F821CB82CC9005DD2F0 /* Debug */ = {
			isa = XCBuildConfiguration;
			buildSettings = {
				BUNDLE_LOADER = "$(TEST_HOST)";
				INFOPLIST_FILE = "Carousel-PrototypeTests/Info.plist";
				LD_RUNPATH_SEARCH_PATHS = "$(inherited) @executable_path/Frameworks @loader_path/Frameworks";
				PRODUCT_BUNDLE_IDENTIFIER = "com.kapunahelewong.Carousel-PrototypeTests";
				PRODUCT_NAME = "$(TARGET_NAME)";
				TEST_HOST = "$(BUILT_PRODUCTS_DIR)/Carousel-Prototype.app/Carousel-Prototype";
			};
			name = Debug;
		};
		1B3D2F831CB82CC9005DD2F0 /* Release */ = {
			isa = XCBuildConfiguration;
			buildSettings = {
				BUNDLE_LOADER = "$(TEST_HOST)";
				INFOPLIST_FILE = "Carousel-PrototypeTests/Info.plist";
				LD_RUNPATH_SEARCH_PATHS = "$(inherited) @executable_path/Frameworks @loader_path/Frameworks";
				PRODUCT_BUNDLE_IDENTIFIER = "com.kapunahelewong.Carousel-PrototypeTests";
				PRODUCT_NAME = "$(TARGET_NAME)";
				TEST_HOST = "$(BUILT_PRODUCTS_DIR)/Carousel-Prototype.app/Carousel-Prototype";
			};
			name = Release;
		};
		1B3D2F851CB82CC9005DD2F0 /* Debug */ = {
			isa = XCBuildConfiguration;
			buildSettings = {
				INFOPLIST_FILE = "Carousel-PrototypeUITests/Info.plist";
				LD_RUNPATH_SEARCH_PATHS = "$(inherited) @executable_path/Frameworks @loader_path/Frameworks";
				PRODUCT_BUNDLE_IDENTIFIER = "com.kapunahelewong.Carousel-PrototypeUITests";
				PRODUCT_NAME = "$(TARGET_NAME)";
				TEST_TARGET_NAME = "Carousel-Prototype";
				USES_XCTRUNNER = YES;
			};
			name = Debug;
		};
		1B3D2F861CB82CC9005DD2F0 /* Release */ = {
			isa = XCBuildConfiguration;
			buildSettings = {
				INFOPLIST_FILE = "Carousel-PrototypeUITests/Info.plist";
				LD_RUNPATH_SEARCH_PATHS = "$(inherited) @executable_path/Frameworks @loader_path/Frameworks";
				PRODUCT_BUNDLE_IDENTIFIER = "com.kapunahelewong.Carousel-PrototypeUITests";
				PRODUCT_NAME = "$(TARGET_NAME)";
				TEST_TARGET_NAME = "Carousel-Prototype";
				USES_XCTRUNNER = YES;
			};
			name = Release;
		};
/* End XCBuildConfiguration section */

/* Begin XCConfigurationList section */
		1B3D2F511CB82CC9005DD2F0 /* Build configuration list for PBXProject "Carousel-Prototype" */ = {
			isa = XCConfigurationList;
			buildConfigurations = (
				1B3D2F7C1CB82CC9005DD2F0 /* Debug */,
				1B3D2F7D1CB82CC9005DD2F0 /* Release */,
			);
			defaultConfigurationIsVisible = 0;
			defaultConfigurationName = Release;
		};
		1B3D2F7E1CB82CC9005DD2F0 /* Build configuration list for PBXNativeTarget "Carousel-Prototype" */ = {
			isa = XCConfigurationList;
			buildConfigurations = (
				1B3D2F7F1CB82CC9005DD2F0 /* Debug */,
				1B3D2F801CB82CC9005DD2F0 /* Release */,
			);
			defaultConfigurationIsVisible = 0;
		};
		1B3D2F811CB82CC9005DD2F0 /* Build configuration list for PBXNativeTarget "Carousel-PrototypeTests" */ = {
			isa = XCConfigurationList;
			buildConfigurations = (
				1B3D2F821CB82CC9005DD2F0 /* Debug */,
				1B3D2F831CB82CC9005DD2F0 /* Release */,
			);
			defaultConfigurationIsVisible = 0;
		};
		1B3D2F841CB82CC9005DD2F0 /* Build configuration list for PBXNativeTarget "Carousel-PrototypeUITests" */ = {
			isa = XCConfigurationList;
			buildConfigurations = (
				1B3D2F851CB82CC9005DD2F0 /* Debug */,
				1B3D2F861CB82CC9005DD2F0 /* Release */,
			);
			defaultConfigurationIsVisible = 0;
		};
/* End XCConfigurationList section */
	};
	rootObject = 1B3D2F4E1CB82CC9005DD2F0 /* Project object */;
}
